// !$*UTF8*$!
{
	archiveVersion = 1;
	classes = {
	};
	objectVersion = 48;
	objects = {

/* Begin PBXBuildFile section */
		C1C5D37E1FE8347200AAD37E /* AppDelegate.swift in Sources */ = {isa = PBXBuildFile; fileRef = C1C5D37D1FE8347200AAD37E /* AppDelegate.swift */; };
		C1C5D3801FE8347200AAD37E /* ViewController.swift in Sources */ = {isa = PBXBuildFile; fileRef = C1C5D37F1FE8347200AAD37E /* ViewController.swift */; };
		C1C5D3831FE8347200AAD37E /* Main.storyboard in Resources */ = {isa = PBXBuildFile; fileRef = C1C5D3811FE8347200AAD37E /* Main.storyboard */; };
		C1C5D3851FE8347200AAD37E /* Assets.xcassets in Resources */ = {isa = PBXBuildFile; fileRef = C1C5D3841FE8347200AAD37E /* Assets.xcassets */; };
		C1C5D3881FE8347200AAD37E /* LaunchScreen.storyboard in Resources */ = {isa = PBXBuildFile; fileRef = C1C5D3861FE8347200AAD37E /* LaunchScreen.storyboard */; };
		C1C5D3901FEC7F7800AAD37E /* BlazeWebViewController.swift in Sources */ = {isa = PBXBuildFile; fileRef = C1C5D38F1FEC7F7800AAD37E /* BlazeWebViewController.swift */; };
		C1C5D3931FEC91EE00AAD37E /* SelectDestinationViewController.swift in Sources */ = {isa = PBXBuildFile; fileRef = C1C5D3921FEC91EE00AAD37E /* SelectDestinationViewController.swift */; };
/* End PBXBuildFile section */

/* Begin PBXFileReference section */
		C1C5D37A1FE8347200AAD37E /* BlazeDemo.app */ = {isa = PBXFileReference; explicitFileType = wrapper.application; includeInIndex = 0; path = BlazeDemo.app; sourceTree = BUILT_PRODUCTS_DIR; };
		C1C5D37D1FE8347200AAD37E /* AppDelegate.swift */ = {isa = PBXFileReference; lastKnownFileType = sourcecode.swift; path = AppDelegate.swift; sourceTree = "<group>"; };
		C1C5D37F1FE8347200AAD37E /* ViewController.swift */ = {isa = PBXFileReference; lastKnownFileType = sourcecode.swift; path = ViewController.swift; sourceTree = "<group>"; };
		C1C5D3821FE8347200AAD37E /* Base */ = {isa = PBXFileReference; lastKnownFileType = file.storyboard; name = Base; path = Base.lproj/Main.storyboard; sourceTree = "<group>"; };
		C1C5D3841FE8347200AAD37E /* Assets.xcassets */ = {isa = PBXFileReference; lastKnownFileType = folder.assetcatalog; path = Assets.xcassets; sourceTree = "<group>"; };
		C1C5D3871FE8347200AAD37E /* Base */ = {isa = PBXFileReference; lastKnownFileType = file.storyboard; name = Base; path = Base.lproj/LaunchScreen.storyboard; sourceTree = "<group>"; };
		C1C5D3891FE8347200AAD37E /* Info.plist */ = {isa = PBXFileReference; lastKnownFileType = text.plist.xml; path = Info.plist; sourceTree = "<group>"; };
		C1C5D38F1FEC7F7800AAD37E /* BlazeWebViewController.swift */ = {isa = PBXFileReference; lastKnownFileType = sourcecode.swift; path = BlazeWebViewController.swift; sourceTree = "<group>"; };
		C1C5D3921FEC91EE00AAD37E /* SelectDestinationViewController.swift */ = {isa = PBXFileReference; lastKnownFileType = sourcecode.swift; path = SelectDestinationViewController.swift; sourceTree = "<group>"; };
/* End PBXFileReference section */

/* Begin PBXFrameworksBuildPhase section */
		C1C5D3771FE8347200AAD37E /* Frameworks */ = {
			isa = PBXFrameworksBuildPhase;
			buildActionMask = 2147483647;
			files = (
			);
			runOnlyForDeploymentPostprocessing = 0;
		};
/* End PBXFrameworksBuildPhase section */

/* Begin PBXGroup section */
		C1C5D3711FE8347200AAD37E = {
			isa = PBXGroup;
			children = (
				C1C5D37C1FE8347200AAD37E /* BlazeDemo */,
				C1C5D37B1FE8347200AAD37E /* Products */,
			);
			sourceTree = "<group>";
		};
		C1C5D37B1FE8347200AAD37E /* Products */ = {
			isa = PBXGroup;
			children = (
				C1C5D37A1FE8347200AAD37E /* BlazeDemo.app */,
			);
			name = Products;
			sourceTree = "<group>";
		};
		C1C5D37C1FE8347200AAD37E /* BlazeDemo */ = {
			isa = PBXGroup;
			children = (
				C1C5D3911FEC91C500AAD37E /* BlazeMobile */,
				C1C5D37D1FE8347200AAD37E /* AppDelegate.swift */,
				C1C5D37F1FE8347200AAD37E /* ViewController.swift */,
				C1C5D38F1FEC7F7800AAD37E /* BlazeWebViewController.swift */,
				C1C5D3811FE8347200AAD37E /* Main.storyboard */,
				C1C5D3841FE8347200AAD37E /* Assets.xcassets */,
				C1C5D3861FE8347200AAD37E /* LaunchScreen.storyboard */,
				C1C5D3891FE8347200AAD37E /* Info.plist */,
			);
			path = BlazeDemo;
			sourceTree = "<group>";
		};
		C1C5D3911FEC91C500AAD37E /* BlazeMobile */ = {
			isa = PBXGroup;
			children = (
				C1C5D3921FEC91EE00AAD37E /* SelectDestinationViewController.swift */,
			);
			path = BlazeMobile;
			sourceTree = "<group>";
		};
/* End PBXGroup section */

/* Begin PBXNativeTarget section */
		C1C5D3791FE8347200AAD37E /* BlazeDemo */ = {
			isa = PBXNativeTarget;
			buildConfigurationList = C1C5D38C1FE8347200AAD37E /* Build configuration list for PBXNativeTarget "BlazeDemo" */;
			buildPhases = (
				C1C5D3761FE8347200AAD37E /* Sources */,
				C1C5D3771FE8347200AAD37E /* Frameworks */,
				C1C5D3781FE8347200AAD37E /* Resources */,
			);
			buildRules = (
			);
			dependencies = (
			);
			name = BlazeDemo;
			productName = BlazeDemo;
			productReference = C1C5D37A1FE8347200AAD37E /* BlazeDemo.app */;
			productType = "com.apple.product-type.application";
		};
/* End PBXNativeTarget section */

/* Begin PBXProject section */
		C1C5D3721FE8347200AAD37E /* Project object */ = {
			isa = PBXProject;
			attributes = {
				LastSwiftUpdateCheck = 0920;
				LastUpgradeCheck = 0920;
				ORGANIZATIONNAME = "Jambu, Vijay";
				TargetAttributes = {
					C1C5D3791FE8347200AAD37E = {
						CreatedOnToolsVersion = 9.2;
						ProvisioningStyle = Automatic;
					};
				};
			};
			buildConfigurationList = C1C5D3751FE8347200AAD37E /* Build configuration list for PBXProject "BlazeDemo" */;
			compatibilityVersion = "Xcode 8.0";
			developmentRegion = en;
			hasScannedForEncodings = 0;
			knownRegions = (
				en,
				Base,
			);
			mainGroup = C1C5D3711FE8347200AAD37E;
			productRefGroup = C1C5D37B1FE8347200AAD37E /* Products */;
			projectDirPath = "";
			projectRoot = "";
			targets = (
				C1C5D3791FE8347200AAD37E /* BlazeDemo */,
			);
		};
/* End PBXProject section */

/* Begin PBXResourcesBuildPhase section */
		C1C5D3781FE8347200AAD37E /* Resources */ = {
			isa = PBXResourcesBuildPhase;
			buildActionMask = 2147483647;
			files = (
				C1C5D3881FE8347200AAD37E /* LaunchScreen.storyboard in Resources */,
				C1C5D3851FE8347200AAD37E /* Assets.xcassets in Resources */,
				C1C5D3831FE8347200AAD37E /* Main.storyboard in Resources */,
			);
			runOnlyForDeploymentPostprocessing = 0;
		};
/* End PBXResourcesBuildPhase section */

/* Begin PBXSourcesBuildPhase section */
		C1C5D3761FE8347200AAD37E /* Sources */ = {
			isa = PBXSourcesBuildPhase;
			buildActionMask = 2147483647;
			files = (
				C1C5D3901FEC7F7800AAD37E /* BlazeWebViewController.swift in Sources */,
				C1C5D3931FEC91EE00AAD37E /* SelectDestinationViewController.swift in Sources */,
				C1C5D3801FE8347200AAD37E /* ViewController.swift in Sources */,
				C1C5D37E1FE8347200AAD37E /* AppDelegate.swift in Sources */,
			);
			runOnlyForDeploymentPostprocessing = 0;
		};
/* End PBXSourcesBuildPhase section */

/* Begin PBXVariantGroup section */
		C1C5D3811FE8347200AAD37E /* Main.storyboard */ = {
			isa = PBXVariantGroup;
			children = (
				C1C5D3821FE8347200AAD37E /* Base */,
			);
			name = Main.storyboard;
			sourceTree = "<group>";
		};
		C1C5D3861FE8347200AAD37E /* LaunchScreen.storyboard */ = {
			isa = PBXVariantGroup;
			children = (
				C1C5D3871FE8347200AAD37E /* Base */,
			);
			name = LaunchScreen.storyboard;
			sourceTree = "<group>";
		};
/* End PBXVariantGroup section */

/* Begin XCBuildConfiguration section */
		C1C5D38A1FE8347200AAD37E /* Debug */ = {
			isa = XCBuildConfiguration;
			buildSettings = {
				ALWAYS_SEARCH_USER_PATHS = NO;
				CLANG_ANALYZER_NONNULL = YES;
				CLANG_ANALYZER_NUMBER_OBJECT_CONVERSION = YES_AGGRESSIVE;
				CLANG_CXX_LANGUAGE_STANDARD = "gnu++14";
				CLANG_CXX_LIBRARY = "libc++";
				CLANG_ENABLE_MODULES = YES;
				CLANG_ENABLE_OBJC_ARC = YES;
				CLANG_WARN_BLOCK_CAPTURE_AUTORELEASING = YES;
				CLANG_WARN_BOOL_CONVERSION = YES;
				CLANG_WARN_COMMA = YES;
				CLANG_WARN_CONSTANT_CONVERSION = YES;
				CLANG_WARN_DIRECT_OBJC_ISA_USAGE = YES_ERROR;
				CLANG_WARN_DOCUMENTATION_COMMENTS = YES;
				CLANG_WARN_EMPTY_BODY = YES;
				CLANG_WARN_ENUM_CONVERSION = YES;
				CLANG_WARN_INFINITE_RECURSION = YES;
				CLANG_WARN_INT_CONVERSION = YES;
				CLANG_WARN_NON_LITERAL_NULL_CONVERSION = YES;
				CLANG_WARN_OBJC_LITERAL_CONVERSION = YES;
				CLANG_WARN_OBJC_ROOT_CLASS = YES_ERROR;
				CLANG_WARN_RANGE_LOOP_ANALYSIS = YES;
				CLANG_WARN_STRICT_PROTOTYPES = YES;
				CLANG_WARN_SUSPICIOUS_MOVE = YES;
				CLANG_WARN_UNGUARDED_AVAILABILITY = YES_AGGRESSIVE;
				CLANG_WARN_UNREACHABLE_CODE = YES;
				CLANG_WARN__DUPLICATE_METHOD_MATCH = YES;
				CODE_SIGN_IDENTITY = "iPhone Developer";
				COPY_PHASE_STRIP = NO;
				DEBUG_INFORMATION_FORMAT = dwarf;
				ENABLE_STRICT_OBJC_MSGSEND = YES;
				ENABLE_TESTABILITY = YES;
				GCC_C_LANGUAGE_STANDARD = gnu11;
				GCC_DYNAMIC_NO_PIC = NO;
				GCC_NO_COMMON_BLOCKS = YES;
				GCC_OPTIMIZATION_LEVEL = 0;
				GCC_PREPROCESSOR_DEFINITIONS = (
					"DEBUG=1",
					"$(inherited)",
				);
				GCC_WARN_64_TO_32_BIT_CONVERSION = YES;
				GCC_WARN_ABOUT_RETURN_TYPE = YES_ERROR;
				GCC_WARN_UNDECLARED_SELECTOR = YES;
				GCC_WARN_UNINITIALIZED_AUTOS = YES_AGGRESSIVE;
				GCC_WARN_UNUSED_FUNCTION = YES;
				GCC_WARN_UNUSED_VARIABLE = YES;
				IPHONEOS_DEPLOYMENT_TARGET = 9.0;
				MTL_ENABLE_DEBUG_INFO = YES;
				ONLY_ACTIVE_ARCH = YES;
				SDKROOT = iphoneos;
				SWIFT_ACTIVE_COMPILATION_CONDITIONS = DEBUG;
				SWIFT_OPTIMIZATION_LEVEL = "-Onone";
			};
			name = Debug;
		};
		C1C5D38B1FE8347200AAD37E /* Release */ = {
			isa = XCBuildConfiguration;
			buildSettings = {
				ALWAYS_SEARCH_USER_PATHS = NO;
				CLANG_ANALYZER_NONNULL = YES;
				CLANG_ANALYZER_NUMBER_OBJECT_CONVERSION = YES_AGGRESSIVE;
				CLANG_CXX_LANGUAGE_STANDARD = "gnu++14";
				CLANG_CXX_LIBRARY = "libc++";
				CLANG_ENABLE_MODULES = YES;
				CLANG_ENABLE_OBJC_ARC = YES;
				CLANG_WARN_BLOCK_CAPTURE_AUTORELEASING = YES;
				CLANG_WARN_BOOL_CONVERSION = YES;
				CLANG_WARN_COMMA = YES;
				CLANG_WARN_CONSTANT_CONVERSION = YES;
				CLANG_WARN_DIRECT_OBJC_ISA_USAGE = YES_ERROR;
				CLANG_WARN_DOCUMENTATION_COMMENTS = YES;
				CLANG_WARN_EMPTY_BODY = YES;
				CLANG_WARN_ENUM_CONVERSION = YES;
				CLANG_WARN_INFINITE_RECURSION = YES;
				CLANG_WARN_INT_CONVERSION = YES;
				CLANG_WARN_NON_LITERAL_NULL_CONVERSION = YES;
				CLANG_WARN_OBJC_LITERAL_CONVERSION = YES;
				CLANG_WARN_OBJC_ROOT_CLASS = YES_ERROR;
				CLANG_WARN_RANGE_LOOP_ANALYSIS = YES;
				CLANG_WARN_STRICT_PROTOTYPES = YES;
				CLANG_WARN_SUSPICIOUS_MOVE = YES;
				CLANG_WARN_UNGUARDED_AVAILABILITY = YES_AGGRESSIVE;
				CLANG_WARN_UNREACHABLE_CODE = YES;
				CLANG_WARN__DUPLICATE_METHOD_MATCH = YES;
				CODE_SIGN_IDENTITY = "iPhone Developer";
				COPY_PHASE_STRIP = NO;
				DEBUG_INFORMATION_FORMAT = "dwarf-with-dsym";
				ENABLE_NS_ASSERTIONS = NO;
				ENABLE_STRICT_OBJC_MSGSEND = YES;
				GCC_C_LANGUAGE_STANDARD = gnu11;
				GCC_NO_COMMON_BLOCKS = YES;
				GCC_WARN_64_TO_32_BIT_CONVERSION = YES;
				GCC_WARN_ABOUT_RETURN_TYPE = YES_ERROR;
				GCC_WARN_UNDECLARED_SELECTOR = YES;
				GCC_WARN_UNINITIALIZED_AUTOS = YES_AGGRESSIVE;
				GCC_WARN_UNUSED_FUNCTION = YES;
				GCC_WARN_UNUSED_VARIABLE = YES;
				IPHONEOS_DEPLOYMENT_TARGET = 9.0;
				MTL_ENABLE_DEBUG_INFO = NO;
				SDKROOT = iphoneos;
				SWIFT_OPTIMIZATION_LEVEL = "-Owholemodule";
				VALIDATE_PRODUCT = YES;
			};
			name = Release;
		};
		C1C5D38D1FE8347200AAD37E /* Debug */ = {
			isa = XCBuildConfiguration;
			buildSettings = {
				ASSETCATALOG_COMPILER_APPICON_NAME = AppIcon;
				CODE_SIGN_STYLE = Automatic;
				DEVELOPMENT_TEAM = 2JJZ96P8P5;
				INFOPLIST_FILE = BlazeDemo/Info.plist;
				LD_RUNPATH_SEARCH_PATHS = "$(inherited) @executable_path/Frameworks";
				PRODUCT_BUNDLE_IDENTIFIER = CA.BlazeDemo;
				PRODUCT_NAME = "$(TARGET_NAME)";
				SWIFT_VERSION = 4.0;
				TARGETED_DEVICE_FAMILY = "1,2";
			};
			name = Debug;
		};
		C1C5D38E1FE8347200AAD37E /* Release */ = {
			isa = XCBuildConfiguration;
			buildSettings = {
				ASSETCATALOG_COMPILER_APPICON_NAME = AppIcon;
				CODE_SIGN_STYLE = Automatic;
				DEVELOPMENT_TEAM = 2JJZ96P8P5;
				INFOPLIST_FILE = BlazeDemo/Info.plist;
				LD_RUNPATH_SEARCH_PATHS = "$(inherited) @executable_path/Frameworks";
				PRODUCT_BUNDLE_IDENTIFIER = CA.BlazeDemo;
				PRODUCT_NAME = "$(TARGET_NAME)";
				SWIFT_VERSION = 4.0;
				TARGETED_DEVICE_FAMILY = "1,2";
			};
			name = Release;
		};
/* End XCBuildConfiguration section */

/* Begin XCConfigurationList section */
		C1C5D3751FE8347200AAD37E /* Build configuration list for PBXProject "BlazeDemo" */ = {
			isa = XCConfigurationList;
			buildConfigurations = (
				C1C5D38A1FE8347200AAD37E /* Debug */,
				C1C5D38B1FE8347200AAD37E /* Release */,
			);
			defaultConfigurationIsVisible = 0;
			defaultConfigurationName = Release;
		};
		C1C5D38C1FE8347200AAD37E /* Build configuration list for PBXNativeTarget "BlazeDemo" */ = {
			isa = XCConfigurationList;
			buildConfigurations = (
				C1C5D38D1FE8347200AAD37E /* Debug */,
				C1C5D38E1FE8347200AAD37E /* Release */,
			);
			defaultConfigurationIsVisible = 0;
			defaultConfigurationName = Release;
		};
/* End XCConfigurationList section */
	};
	rootObject = C1C5D3721FE8347200AAD37E /* Project object */;
}
